// !$*UTF8*$!
{
	archiveVersion = 1;
	classes = {
	};
	objectVersion = 60;
	objects = {

/* Begin PBXBuildFile section */
		DF95BD7C2C3FEE0400EF2D47 /* PreviouslyCreatedView.swift in Sources */ = {isa = PBXBuildFile; fileRef = DF95BD7B2C3FEE0000EF2D47 /* PreviouslyCreatedView.swift */; };
		DF95BD7E2C3FEF3000EF2D47 /* CreateNewView.swift in Sources */ = {isa = PBXBuildFile; fileRef = DF95BD7D2C3FEF2D00EF2D47 /* CreateNewView.swift */; };
		DF95BD802C4002EC00EF2D47 /* DeleteView.swift in Sources */ = {isa = PBXBuildFile; fileRef = DF95BD7F2C4002EA00EF2D47 /* DeleteView.swift */; };
		DF95BD822C400EA500EF2D47 /* SidebarView.swift in Sources */ = {isa = PBXBuildFile; fileRef = DF95BD812C400EA300EF2D47 /* SidebarView.swift */; };
		DF95BD842C40253300EF2D47 /* SignUpView.swift in Sources */ = {isa = PBXBuildFile; fileRef = DF95BD832C40253100EF2D47 /* SignUpView.swift */; };
		DF95BD862C40254200EF2D47 /* LoginView.swift in Sources */ = {isa = PBXBuildFile; fileRef = DF95BD852C40254000EF2D47 /* LoginView.swift */; };
		DF95BD8B2C42F0AC00EF2D47 /* GlassEffect.swift in Sources */ = {isa = PBXBuildFile; fileRef = DF95BD8A2C42F0AA00EF2D47 /* GlassEffect.swift */; };
		DFEF61CC2C3E5C3600CAB84C /* SwiftLinkApp.swift in Sources */ = {isa = PBXBuildFile; fileRef = DFEF61CB2C3E5C3600CAB84C /* SwiftLinkApp.swift */; };
		DFEF61CE2C3E5C3600CAB84C /* ContentView.swift in Sources */ = {isa = PBXBuildFile; fileRef = DFEF61CD2C3E5C3600CAB84C /* ContentView.swift */; };
		DFEF61D02C3E5C3800CAB84C /* Assets.xcassets in Resources */ = {isa = PBXBuildFile; fileRef = DFEF61CF2C3E5C3800CAB84C /* Assets.xcassets */; };
		DFEF61D32C3E5C3800CAB84C /* Preview Assets.xcassets in Resources */ = {isa = PBXBuildFile; fileRef = DFEF61D22C3E5C3800CAB84C /* Preview Assets.xcassets */; };
		DFEF61DA2C3F329400CAB84C /* NetworkManager.swift in Sources */ = {isa = PBXBuildFile; fileRef = DFEF61D92C3F329100CAB84C /* NetworkManager.swift */; };
/* End PBXBuildFile section */

/* Begin PBXFileReference section */
		DF95BD7B2C3FEE0000EF2D47 /* PreviouslyCreatedView.swift */ = {isa = PBXFileReference; lastKnownFileType = sourcecode.swift; path = PreviouslyCreatedView.swift; sourceTree = "<group>"; };
		DF95BD7D2C3FEF2D00EF2D47 /* CreateNewView.swift */ = {isa = PBXFileReference; lastKnownFileType = sourcecode.swift; path = CreateNewView.swift; sourceTree = "<group>"; };
		DF95BD7F2C4002EA00EF2D47 /* DeleteView.swift */ = {isa = PBXFileReference; lastKnownFileType = sourcecode.swift; path = DeleteView.swift; sourceTree = "<group>"; };
		DF95BD812C400EA300EF2D47 /* SidebarView.swift */ = {isa = PBXFileReference; lastKnownFileType = sourcecode.swift; path = SidebarView.swift; sourceTree = "<group>"; };
		DF95BD832C40253100EF2D47 /* SignUpView.swift */ = {isa = PBXFileReference; lastKnownFileType = sourcecode.swift; path = SignUpView.swift; sourceTree = "<group>"; };
		DF95BD852C40254000EF2D47 /* LoginView.swift */ = {isa = PBXFileReference; lastKnownFileType = sourcecode.swift; path = LoginView.swift; sourceTree = "<group>"; };
		DF95BD8A2C42F0AA00EF2D47 /* GlassEffect.swift */ = {isa = PBXFileReference; lastKnownFileType = sourcecode.swift; path = GlassEffect.swift; sourceTree = "<group>"; };
		DFEF61C82C3E5C3600CAB84C /* SwiftLink.app */ = {isa = PBXFileReference; explicitFileType = wrapper.application; includeInIndex = 0; path = SwiftLink.app; sourceTree = BUILT_PRODUCTS_DIR; };
		DFEF61CB2C3E5C3600CAB84C /* SwiftLinkApp.swift */ = {isa = PBXFileReference; lastKnownFileType = sourcecode.swift; path = SwiftLinkApp.swift; sourceTree = "<group>"; };
		DFEF61CD2C3E5C3600CAB84C /* ContentView.swift */ = {isa = PBXFileReference; lastKnownFileType = sourcecode.swift; path = ContentView.swift; sourceTree = "<group>"; };
		DFEF61CF2C3E5C3800CAB84C /* Assets.xcassets */ = {isa = PBXFileReference; lastKnownFileType = folder.assetcatalog; path = Assets.xcassets; sourceTree = "<group>"; };
		DFEF61D22C3E5C3800CAB84C /* Preview Assets.xcassets */ = {isa = PBXFileReference; lastKnownFileType = folder.assetcatalog; path = "Preview Assets.xcassets"; sourceTree = "<group>"; };
		DFEF61D92C3F329100CAB84C /* NetworkManager.swift */ = {isa = PBXFileReference; lastKnownFileType = sourcecode.swift; path = NetworkManager.swift; sourceTree = "<group>"; };
/* End PBXFileReference section */

/* Begin PBXFrameworksBuildPhase section */
		DFEF61C52C3E5C3600CAB84C /* Frameworks */ = {
			isa = PBXFrameworksBuildPhase;
			buildActionMask = 2147483647;
			files = (
			);
			runOnlyForDeploymentPostprocessing = 0;
		};
/* End PBXFrameworksBuildPhase section */

/* Begin PBXGroup section */
		DFEF61BF2C3E5C3600CAB84C = {
			isa = PBXGroup;
			children = (
				DFEF61CA2C3E5C3600CAB84C /* SwiftLink */,
				DFEF61C92C3E5C3600CAB84C /* Products */,
			);
			sourceTree = "<group>";
		};
		DFEF61C92C3E5C3600CAB84C /* Products */ = {
			isa = PBXGroup;
			children = (
				DFEF61C82C3E5C3600CAB84C /* SwiftLink.app */,
			);
			name = Products;
			sourceTree = "<group>";
		};
		DFEF61CA2C3E5C3600CAB84C /* SwiftLink */ = {
			isa = PBXGroup;
			children = (
				DFEF61CD2C3E5C3600CAB84C /* ContentView.swift */,
				DFEF61D92C3F329100CAB84C /* NetworkManager.swift */,
				DF95BD7D2C3FEF2D00EF2D47 /* CreateNewView.swift */,
				DF95BD7B2C3FEE0000EF2D47 /* PreviouslyCreatedView.swift */,
				DF95BD7F2C4002EA00EF2D47 /* DeleteView.swift */,
				DF95BD812C400EA300EF2D47 /* SidebarView.swift */,
				DF95BD832C40253100EF2D47 /* SignUpView.swift */,
				DF95BD852C40254000EF2D47 /* LoginView.swift */,
				DF95BD8A2C42F0AA00EF2D47 /* GlassEffect.swift */,
				DFEF61CB2C3E5C3600CAB84C /* SwiftLinkApp.swift */,
				DFEF61CF2C3E5C3800CAB84C /* Assets.xcassets */,
				DFEF61D12C3E5C3800CAB84C /* Preview Content */,
			);
			path = SwiftLink;
			sourceTree = "<group>";
		};
		DFEF61D12C3E5C3800CAB84C /* Preview Content */ = {
			isa = PBXGroup;
			children = (
				DFEF61D22C3E5C3800CAB84C /* Preview Assets.xcassets */,
			);
			path = "Preview Content";
			sourceTree = "<group>";
		};
/* End PBXGroup section */

/* Begin PBXNativeTarget section */
		DFEF61C72C3E5C3600CAB84C /* SwiftLink */ = {
			isa = PBXNativeTarget;
			buildConfigurationList = DFEF61D62C3E5C3800CAB84C /* Build configuration list for PBXNativeTarget "SwiftLink" */;
			buildPhases = (
				DFEF61C42C3E5C3600CAB84C /* Sources */,
				DFEF61C52C3E5C3600CAB84C /* Frameworks */,
				DFEF61C62C3E5C3600CAB84C /* Resources */,
			);
			buildRules = (
			);
			dependencies = (
			);
			name = SwiftLink;
			productName = SwiftLink;
			productReference = DFEF61C82C3E5C3600CAB84C /* SwiftLink.app */;
			productType = "com.apple.product-type.application";
		};
/* End PBXNativeTarget section */

/* Begin PBXProject section */
		DFEF61C02C3E5C3600CAB84C /* Project object */ = {
			isa = PBXProject;
			attributes = {
				BuildIndependentTargetsInParallel = 1;
				LastSwiftUpdateCheck = 1600;
				LastUpgradeCheck = 1600;
				TargetAttributes = {
					DFEF61C72C3E5C3600CAB84C = {
						CreatedOnToolsVersion = 16.0;
					};
				};
			};
			buildConfigurationList = DFEF61C32C3E5C3600CAB84C /* Build configuration list for PBXProject "SwiftLink" */;
			compatibilityVersion = "Xcode 15.0";
			developmentRegion = en;
			hasScannedForEncodings = 0;
			knownRegions = (
				en,
				Base,
			);
			mainGroup = DFEF61BF2C3E5C3600CAB84C;
			productRefGroup = DFEF61C92C3E5C3600CAB84C /* Products */;
			projectDirPath = "";
			projectRoot = "";
			targets = (
				DFEF61C72C3E5C3600CAB84C /* SwiftLink */,
			);
		};
/* End PBXProject section */

/* Begin PBXResourcesBuildPhase section */
		DFEF61C62C3E5C3600CAB84C /* Resources */ = {
			isa = PBXResourcesBuildPhase;
			buildActionMask = 2147483647;
			files = (
				DFEF61D32C3E5C3800CAB84C /* Preview Assets.xcassets in Resources */,
				DFEF61D02C3E5C3800CAB84C /* Assets.xcassets in Resources */,
			);
			runOnlyForDeploymentPostprocessing = 0;
		};
/* End PBXResourcesBuildPhase section */

/* Begin PBXSourcesBuildPhase section */
		DFEF61C42C3E5C3600CAB84C /* Sources */ = {
			isa = PBXSourcesBuildPhase;
			buildActionMask = 2147483647;
			files = (
				DFEF61DA2C3F329400CAB84C /* NetworkManager.swift in Sources */,
				DFEF61CE2C3E5C3600CAB84C /* ContentView.swift in Sources */,
				DF95BD822C400EA500EF2D47 /* SidebarView.swift in Sources */,
				DF95BD862C40254200EF2D47 /* LoginView.swift in Sources */,
				DFEF61CC2C3E5C3600CAB84C /* SwiftLinkApp.swift in Sources */,
				DF95BD842C40253300EF2D47 /* SignUpView.swift in Sources */,
				DF95BD802C4002EC00EF2D47 /* DeleteView.swift in Sources */,
				DF95BD8B2C42F0AC00EF2D47 /* GlassEffect.swift in Sources */,
				DF95BD7E2C3FEF3000EF2D47 /* CreateNewView.swift in Sources */,
				DF95BD7C2C3FEE0400EF2D47 /* PreviouslyCreatedView.swift in Sources */,
			);
			runOnlyForDeploymentPostprocessing = 0;
		};
/* End PBXSourcesBuildPhase section */

/* Begin XCBuildConfiguration section */
		DFEF61D42C3E5C3800CAB84C /* Debug */ = {
			isa = XCBuildConfiguration;
			buildSettings = {
				ALWAYS_SEARCH_USER_PATHS = NO;
				ASSETCATALOG_COMPILER_GENERATE_SWIFT_ASSET_SYMBOL_EXTENSIONS = YES;
				CLANG_ANALYZER_NONNULL = YES;
				CLANG_ANALYZER_NUMBER_OBJECT_CONVERSION = YES_AGGRESSIVE;
				CLANG_CXX_LANGUAGE_STANDARD = "gnu++20";
				CLANG_ENABLE_MODULES = YES;
				CLANG_ENABLE_OBJC_ARC = YES;
				CLANG_ENABLE_OBJC_WEAK = YES;
				CLANG_WARN_BLOCK_CAPTURE_AUTORELEASING = YES;
				CLANG_WARN_BOOL_CONVERSION = YES;
				CLANG_WARN_COMMA = YES;
				CLANG_WARN_CONSTANT_CONVERSION = YES;
				CLANG_WARN_DEPRECATED_OBJC_IMPLEMENTATIONS = YES;
				CLANG_WARN_DIRECT_OBJC_ISA_USAGE = YES_ERROR;
				CLANG_WARN_DOCUMENTATION_COMMENTS = YES;
				CLANG_WARN_EMPTY_BODY = YES;
				CLANG_WARN_ENUM_CONVERSION = YES;
				CLANG_WARN_INFINITE_RECURSION = YES;
				CLANG_WARN_INT_CONVERSION = YES;
				CLANG_WARN_NON_LITERAL_NULL_CONVERSION = YES;
				CLANG_WARN_OBJC_IMPLICIT_RETAIN_SELF = YES;
				CLANG_WARN_OBJC_LITERAL_CONVERSION = YES;
				CLANG_WARN_OBJC_ROOT_CLASS = YES_ERROR;
				CLANG_WARN_QUOTED_INCLUDE_IN_FRAMEWORK_HEADER = YES;
				CLANG_WARN_RANGE_LOOP_ANALYSIS = YES;
				CLANG_WARN_STRICT_PROTOTYPES = YES;
				CLANG_WARN_SUSPICIOUS_MOVE = YES;
				CLANG_WARN_UNGUARDED_AVAILABILITY = YES_AGGRESSIVE;
				CLANG_WARN_UNREACHABLE_CODE = YES;
				CLANG_WARN__DUPLICATE_METHOD_MATCH = YES;
				COPY_PHASE_STRIP = NO;
				DEBUG_INFORMATION_FORMAT = dwarf;
				ENABLE_STRICT_OBJC_MSGSEND = YES;
				ENABLE_TESTABILITY = YES;
				ENABLE_USER_SCRIPT_SANDBOXING = YES;
				GCC_C_LANGUAGE_STANDARD = gnu17;
				GCC_DYNAMIC_NO_PIC = NO;
				GCC_NO_COMMON_BLOCKS = YES;
				GCC_OPTIMIZATION_LEVEL = 0;
				GCC_PREPROCESSOR_DEFINITIONS = (
					"DEBUG=1",
					"$(inherited)",
				);
				GCC_WARN_64_TO_32_BIT_CONVERSION = YES;
				GCC_WARN_ABOUT_RETURN_TYPE = YES_ERROR;
				GCC_WARN_UNDECLARED_SELECTOR = YES;
				GCC_WARN_UNINITIALIZED_AUTOS = YES_AGGRESSIVE;
				GCC_WARN_UNUSED_FUNCTION = YES;
				GCC_WARN_UNUSED_VARIABLE = YES;
				IPHONEOS_DEPLOYMENT_TARGET = 18.0;
				LOCALIZATION_PREFERS_STRING_CATALOGS = YES;
				MTL_ENABLE_DEBUG_INFO = INCLUDE_SOURCE;
				MTL_FAST_MATH = YES;
				ONLY_ACTIVE_ARCH = YES;
				SDKROOT = iphoneos;
				SWIFT_ACTIVE_COMPILATION_CONDITIONS = "DEBUG $(inherited)";
				SWIFT_OPTIMIZATION_LEVEL = "-Onone";
			};
			name = Debug;
		};
		DFEF61D52C3E5C3800CAB84C /* Release */ = {
			isa = XCBuildConfiguration;
			buildSettings = {
				ALWAYS_SEARCH_USER_PATHS = NO;
				ASSETCATALOG_COMPILER_GENERATE_SWIFT_ASSET_SYMBOL_EXTENSIONS = YES;
				CLANG_ANALYZER_NONNULL = YES;
				CLANG_ANALYZER_NUMBER_OBJECT_CONVERSION = YES_AGGRESSIVE;
				CLANG_CXX_LANGUAGE_STANDARD = "gnu++20";
				CLANG_ENABLE_MODULES = YES;
				CLANG_ENABLE_OBJC_ARC = YES;
				CLANG_ENABLE_OBJC_WEAK = YES;
				CLANG_WARN_BLOCK_CAPTURE_AUTORELEASING = YES;
				CLANG_WARN_BOOL_CONVERSION = YES;
				CLANG_WARN_COMMA = YES;
				CLANG_WARN_CONSTANT_CONVERSION = YES;
				CLANG_WARN_DEPRECATED_OBJC_IMPLEMENTATIONS = YES;
				CLANG_WARN_DIRECT_OBJC_ISA_USAGE = YES_ERROR;
				CLANG_WARN_DOCUMENTATION_COMMENTS = YES;
				CLANG_WARN_EMPTY_BODY = YES;
				CLANG_WARN_ENUM_CONVERSION = YES;
				CLANG_WARN_INFINITE_RECURSION = YES;
				CLANG_WARN_INT_CONVERSION = YES;
				CLANG_WARN_NON_LITERAL_NULL_CONVERSION = YES;
				CLANG_WARN_OBJC_IMPLICIT_RETAIN_SELF = YES;
				CLANG_WARN_OBJC_LITERAL_CONVERSION = YES;
				CLANG_WARN_OBJC_ROOT_CLASS = YES_ERROR;
				CLANG_WARN_QUOTED_INCLUDE_IN_FRAMEWORK_HEADER = YES;
				CLANG_WARN_RANGE_LOOP_ANALYSIS = YES;
				CLANG_WARN_STRICT_PROTOTYPES = YES;
				CLANG_WARN_SUSPICIOUS_MOVE = YES;
				CLANG_WARN_UNGUARDED_AVAILABILITY = YES_AGGRESSIVE;
				CLANG_WARN_UNREACHABLE_CODE = YES;
				CLANG_WARN__DUPLICATE_METHOD_MATCH = YES;
				COPY_PHASE_STRIP = NO;
				DEBUG_INFORMATION_FORMAT = "dwarf-with-dsym";
				ENABLE_NS_ASSERTIONS = NO;
				ENABLE_STRICT_OBJC_MSGSEND = YES;
				ENABLE_USER_SCRIPT_SANDBOXING = YES;
				GCC_C_LANGUAGE_STANDARD = gnu17;
				GCC_NO_COMMON_BLOCKS = YES;
				GCC_WARN_64_TO_32_BIT_CONVERSION = YES;
				GCC_WARN_ABOUT_RETURN_TYPE = YES_ERROR;
				GCC_WARN_UNDECLARED_SELECTOR = YES;
				GCC_WARN_UNINITIALIZED_AUTOS = YES_AGGRESSIVE;
				GCC_WARN_UNUSED_FUNCTION = YES;
				GCC_WARN_UNUSED_VARIABLE = YES;
				IPHONEOS_DEPLOYMENT_TARGET = 18.0;
				LOCALIZATION_PREFERS_STRING_CATALOGS = YES;
				MTL_ENABLE_DEBUG_INFO = NO;
				MTL_FAST_MATH = YES;
				SDKROOT = iphoneos;
				SWIFT_COMPILATION_MODE = wholemodule;
				VALIDATE_PRODUCT = YES;
			};
			name = Release;
		};
		DFEF61D72C3E5C3800CAB84C /* Debug */ = {
			isa = XCBuildConfiguration;
			buildSettings = {
				ASSETCATALOG_COMPILER_APPICON_NAME = AppIcon;
				ASSETCATALOG_COMPILER_GLOBAL_ACCENT_COLOR_NAME = AccentColor;
				CODE_SIGN_STYLE = Automatic;
				CURRENT_PROJECT_VERSION = 1;
				DEVELOPMENT_ASSET_PATHS = "\"SwiftLink/Preview Content\"";
				DEVELOPMENT_TEAM = 3QFM2YUYWN;
				ENABLE_PREVIEWS = YES;
				GENERATE_INFOPLIST_FILE = YES;
				INFOPLIST_KEY_UIApplicationSceneManifest_Generation = YES;
				INFOPLIST_KEY_UIApplicationSupportsIndirectInputEvents = YES;
				INFOPLIST_KEY_UILaunchScreen_Generation = YES;
				INFOPLIST_KEY_UISupportedInterfaceOrientations = "UIInterfaceOrientationLandscapeLeft UIInterfaceOrientationLandscapeRight UIInterfaceOrientationPortrait";
				INFOPLIST_KEY_UISupportedInterfaceOrientations_iPad = "UIInterfaceOrientationLandscapeLeft UIInterfaceOrientationLandscapeRight UIInterfaceOrientationPortrait UIInterfaceOrientationPortraitUpsideDown";
				LD_RUNPATH_SEARCH_PATHS = (
					"$(inherited)",
					"@executable_path/Frameworks",
				);
				MARKETING_VERSION = 1.0;
				PRODUCT_BUNDLE_IDENTIFIER = Personal.SwiftLink;
				PRODUCT_NAME = "$(TARGET_NAME)";
				SWIFT_EMIT_LOC_STRINGS = YES;
				SWIFT_VERSION = 5.0;
				TARGETED_DEVICE_FAMILY = "1,2";
			};
			name = Debug;
		};
		DFEF61D82C3E5C3800CAB84C /* Release */ = {
			isa = XCBuildConfiguration;
			buildSettings = {
				ASSETCATALOG_COMPILER_APPICON_NAME = AppIcon;
				ASSETCATALOG_COMPILER_GLOBAL_ACCENT_COLOR_NAME = AccentColor;
				CODE_SIGN_STYLE = Automatic;
				CURRENT_PROJECT_VERSION = 1;
				DEVELOPMENT_ASSET_PATHS = "\"SwiftLink/Preview Content\"";
				DEVELOPMENT_TEAM = 3QFM2YUYWN;
				ENABLE_PREVIEWS = YES;
				GENERATE_INFOPLIST_FILE = YES;
				INFOPLIST_KEY_UIApplicationSceneManifest_Generation = YES;
				INFOPLIST_KEY_UIApplicationSupportsIndirectInputEvents = YES;
				INFOPLIST_KEY_UILaunchScreen_Generation = YES;
				INFOPLIST_KEY_UISupportedInterfaceOrientations = "UIInterfaceOrientationLandscapeLeft UIInterfaceOrientationLandscapeRight UIInterfaceOrientationPortrait";
				INFOPLIST_KEY_UISupportedInterfaceOrientations_iPad = "UIInterfaceOrientationLandscapeLeft UIInterfaceOrientationLandscapeRight UIInterfaceOrientationPortrait UIInterfaceOrientationPortraitUpsideDown";
				LD_RUNPATH_SEARCH_PATHS = (
					"$(inherited)",
					"@executable_path/Frameworks",
				);
				MARKETING_VERSION = 1.0;
				PRODUCT_BUNDLE_IDENTIFIER = Personal.SwiftLink;
				PRODUCT_NAME = "$(TARGET_NAME)";
				SWIFT_EMIT_LOC_STRINGS = YES;
				SWIFT_VERSION = 5.0;
				TARGETED_DEVICE_FAMILY = "1,2";
			};
			name = Release;
		};
/* End XCBuildConfiguration section */

/* Begin XCConfigurationList section */
		DFEF61C32C3E5C3600CAB84C /* Build configuration list for PBXProject "SwiftLink" */ = {
			isa = XCConfigurationList;
			buildConfigurations = (
				DFEF61D42C3E5C3800CAB84C /* Debug */,
				DFEF61D52C3E5C3800CAB84C /* Release */,
			);
			defaultConfigurationIsVisible = 0;
			defaultConfigurationName = Release;
		};
		DFEF61D62C3E5C3800CAB84C /* Build configuration list for PBXNativeTarget "SwiftLink" */ = {
			isa = XCConfigurationList;
			buildConfigurations = (
				DFEF61D72C3E5C3800CAB84C /* Debug */,
				DFEF61D82C3E5C3800CAB84C /* Release */,
			);
			defaultConfigurationIsVisible = 0;
			defaultConfigurationName = Release;
		};
/* End XCConfigurationList section */
	};
	rootObject = DFEF61C02C3E5C3600CAB84C /* Project object */;
}
